
Microsoft Visual Studio Solution File, Format Version 12.00
# Visual Studio Version 16
VisualStudioVersion = 16.0.33027.164
MinimumVisualStudioVersion = 10.0.40219.1
Project("{FAE04EC0-301F-11D3-BF4B-00C04F79EFBC}") = "HackerRank30DaysOfCodeD20", "HackerRank30DaysOfCodeD20\HackerRank30DaysOfCodeD20.csproj", "{2AB3A814-5558-4C32-BD58-D75E80816238}"
EndProject
Global
	GlobalSection(SolutionConfigurationPlatforms) = preSolution
		Debug|Any CPU = Debug|Any CPU
		Release|Any CPU = Release|Any CPU
	EndGlobalSection
	GlobalSection(ProjectConfigurationPlatforms) = postSolution
		{2AB3A814-5558-4C32-BD58-D75E80816238}.Debug|Any CPU.ActiveCfg = Debug|Any CPU
		{2AB3A814-5558-4C32-BD58-D75E80816238}.Debug|Any CPU.Build.0 = Debug|Any CPU
		{2AB3A814-5558-4C32-BD58-D75E80816238}.Release|Any CPU.ActiveCfg = Release|Any CPU
		{2AB3A814-5558-4C32-BD58-D75E80816238}.Release|Any CPU.Build.0 = Release|Any CPU
	EndGlobalSection
	GlobalSection(SolutionProperties) = preSolution
		HideSolutionNode = FALSE
	EndGlobalSection
	GlobalSection(ExtensibilityGlobals) = postSolution
		SolutionGuid = {31B94F8D-8730-490C-BAD9-95A433B4C690}
	EndGlobalSection
EndGlobal
